
Microsoft Visual Studio Solution File, Format Version 12.00
# Visual Studio Version 16
VisualStudioVersion = 16.0.28803.352
MinimumVisualStudioVersion = 10.0.40219.1
Project("{FAE04EC0-301F-11D3-BF4B-00C04F79EFBC}") = "Ceviri3", "Ceviri3\Ceviri3.csproj", "{B216D2B6-C6A3-4678-A7F8-B3A0C8A35391}"
EndProject
Global
	GlobalSection(SolutionConfigurationPlatforms) = preSolution
		Debug|Any CPU = Debug|Any CPU
		Release|Any CPU = Release|Any CPU
	EndGlobalSection
	GlobalSection(ProjectConfigurationPlatforms) = postSolution
		{B216D2B6-C6A3-4678-A7F8-B3A0C8A35391}.Debug|Any CPU.ActiveCfg = Debug|Any CPU
		{B216D2B6-C6A3-4678-A7F8-B3A0C8A35391}.Debug|Any CPU.Build.0 = Debug|Any CPU
		{B216D2B6-C6A3-4678-A7F8-B3A0C8A35391}.Release|Any CPU.ActiveCfg = Release|Any CPU
		{B216D2B6-C6A3-4678-A7F8-B3A0C8A35391}.Release|Any CPU.Build.0 = Release|Any CPU
	EndGlobalSection
	GlobalSection(SolutionProperties) = preSolution
		HideSolutionNode = FALSE
	EndGlobalSection
	GlobalSection(ExtensibilityGlobals) = postSolution
		SolutionGuid = {6D9E345E-EF34-43BF-BB85-98D9457EE93A}
	EndGlobalSection
EndGlobal
